
Microsoft Visual Studio Solution File, Format Version 12.00
# Visual Studio 2013
VisualStudioVersion = 12.0.40629.0
MinimumVisualStudioVersion = 10.0.40219.1
Project("{FAE04EC0-301F-11D3-BF4B-00C04F79EFBC}") = "ALAExport.Export", "ALAExport.Export\ALAExport.Export.csproj", "{DA10C85A-2393-42E6-900A-8B3BDFAC7184}"
EndProject
Global
	GlobalSection(SolutionConfigurationPlatforms) = preSolution
		Debug|Any CPU = Debug|Any CPU
		Release|Any CPU = Release|Any CPU
	EndGlobalSection
	GlobalSection(ProjectConfigurationPlatforms) = postSolution
		{DA10C85A-2393-42E6-900A-8B3BDFAC7184}.Debug|Any CPU.ActiveCfg = Debug|Any CPU
		{DA10C85A-2393-42E6-900A-8B3BDFAC7184}.Debug|Any CPU.Build.0 = Debug|Any CPU
		{DA10C85A-2393-42E6-900A-8B3BDFAC7184}.Release|Any CPU.ActiveCfg = Release|Any CPU
		{DA10C85A-2393-42E6-900A-8B3BDFAC7184}.Release|Any CPU.Build.0 = Release|Any CPU
	EndGlobalSection
	GlobalSection(SolutionProperties) = preSolution
		HideSolutionNode = FALSE
	EndGlobalSection
EndGlobal
