
Microsoft Visual Studio Solution File, Format Version 12.00
# Visual Studio Version 16
VisualStudioVersion = 16.0.29102.190
MinimumVisualStudioVersion = 10.0.40219.1
Project("{FAE04EC0-301F-11D3-BF4B-00C04F79EFBC}") = "ImuExports.NetFramework472", "ImuExports.NetFramework472\ImuExports.NetFramework472.csproj", "{4F6E748C-0AA2-4F3E-8B51-D5392B22860A}"
EndProject
Project("{FAE04EC0-301F-11D3-BF4B-00C04F79EFBC}") = "ImuExports.NetFramework472.Tests", "ImuExports.NetFramework472.Tests\ImuExports.NetFramework472.Tests.csproj", "{1A231674-3E2C-4490-B1A4-A5D27DD9EC22}"
EndProject
Global
	GlobalSection(SolutionConfigurationPlatforms) = preSolution
		Debug|Any CPU = Debug|Any CPU
		Release|Any CPU = Release|Any CPU
	EndGlobalSection
	GlobalSection(ProjectConfigurationPlatforms) = postSolution
		{4F6E748C-0AA2-4F3E-8B51-D5392B22860A}.Debug|Any CPU.ActiveCfg = Debug|Any CPU
		{4F6E748C-0AA2-4F3E-8B51-D5392B22860A}.Debug|Any CPU.Build.0 = Debug|Any CPU
		{4F6E748C-0AA2-4F3E-8B51-D5392B22860A}.Release|Any CPU.ActiveCfg = Release|Any CPU
		{4F6E748C-0AA2-4F3E-8B51-D5392B22860A}.Release|Any CPU.Build.0 = Release|Any CPU
		{1A231674-3E2C-4490-B1A4-A5D27DD9EC22}.Debug|Any CPU.ActiveCfg = Debug|Any CPU
		{1A231674-3E2C-4490-B1A4-A5D27DD9EC22}.Debug|Any CPU.Build.0 = Debug|Any CPU
		{1A231674-3E2C-4490-B1A4-A5D27DD9EC22}.Release|Any CPU.ActiveCfg = Release|Any CPU
		{1A231674-3E2C-4490-B1A4-A5D27DD9EC22}.Release|Any CPU.Build.0 = Release|Any CPU
	EndGlobalSection
	GlobalSection(SolutionProperties) = preSolution
		HideSolutionNode = FALSE
	EndGlobalSection
	GlobalSection(ExtensibilityGlobals) = postSolution
		SolutionGuid = {EB9DC446-6044-4BBD-AE21-B5343B8EFA2E}
	EndGlobalSection
EndGlobal
